
Microsoft Visual Studio Solution File, Format Version 12.00
# Visual Studio Version 16
VisualStudioVersion = 16.0.31229.75
MinimumVisualStudioVersion = 10.0.40219.1
Project("{FAE04EC0-301F-11D3-BF4B-00C04F79EFBC}") = "exercicioteste", "exercicioteste\exercicioteste.csproj", "{AB31F08E-D6B2-4083-B355-1289066367FB}"
EndProject
Global
	GlobalSection(SolutionConfigurationPlatforms) = preSolution
		Debug|Any CPU = Debug|Any CPU
		Release|Any CPU = Release|Any CPU
	EndGlobalSection
	GlobalSection(ProjectConfigurationPlatforms) = postSolution
		{AB31F08E-D6B2-4083-B355-1289066367FB}.Debug|Any CPU.ActiveCfg = Debug|Any CPU
		{AB31F08E-D6B2-4083-B355-1289066367FB}.Debug|Any CPU.Build.0 = Debug|Any CPU
		{AB31F08E-D6B2-4083-B355-1289066367FB}.Release|Any CPU.ActiveCfg = Release|Any CPU
		{AB31F08E-D6B2-4083-B355-1289066367FB}.Release|Any CPU.Build.0 = Release|Any CPU
	EndGlobalSection
	GlobalSection(SolutionProperties) = preSolution
		HideSolutionNode = FALSE
	EndGlobalSection
	GlobalSection(ExtensibilityGlobals) = postSolution
		SolutionGuid = {165E1298-FDEB-4614-BE1E-B8FAD6DE135C}
	EndGlobalSection
EndGlobal
